
Microsoft Visual Studio Solution File, Format Version 12.00
# Visual Studio 15
VisualStudioVersion = 15.0.28307.168
MinimumVisualStudioVersion = 10.0.40219.1
Project("{FAE04EC0-301F-11D3-BF4B-00C04F79EFBC}") = "wpfsudoku", "wpfsudoku\wpfsudoku.csproj", "{36CC3E5D-EFCC-4BB1-82C8-9A2AA4CD26D7}"
EndProject
Project("{FAE04EC0-301F-11D3-BF4B-00C04F79EFBC}") = "wpfsudokulib", "wpfsudokulib\wpfsudokulib.csproj", "{B42A5FF2-E6A0-4920-830B-D24093977542}"
EndProject
Global
	GlobalSection(SolutionConfigurationPlatforms) = preSolution
		Debug|Any CPU = Debug|Any CPU
		Release|Any CPU = Release|Any CPU
	EndGlobalSection
	GlobalSection(ProjectConfigurationPlatforms) = postSolution
		{36CC3E5D-EFCC-4BB1-82C8-9A2AA4CD26D7}.Debug|Any CPU.ActiveCfg = Debug|Any CPU
		{36CC3E5D-EFCC-4BB1-82C8-9A2AA4CD26D7}.Debug|Any CPU.Build.0 = Debug|Any CPU
		{36CC3E5D-EFCC-4BB1-82C8-9A2AA4CD26D7}.Release|Any CPU.ActiveCfg = Release|Any CPU
		{36CC3E5D-EFCC-4BB1-82C8-9A2AA4CD26D7}.Release|Any CPU.Build.0 = Release|Any CPU
		{B42A5FF2-E6A0-4920-830B-D24093977542}.Debug|Any CPU.ActiveCfg = Debug|Any CPU
		{B42A5FF2-E6A0-4920-830B-D24093977542}.Debug|Any CPU.Build.0 = Debug|Any CPU
		{B42A5FF2-E6A0-4920-830B-D24093977542}.Release|Any CPU.ActiveCfg = Release|Any CPU
		{B42A5FF2-E6A0-4920-830B-D24093977542}.Release|Any CPU.Build.0 = Release|Any CPU
	EndGlobalSection
	GlobalSection(SolutionProperties) = preSolution
		HideSolutionNode = FALSE
	EndGlobalSection
	GlobalSection(ExtensibilityGlobals) = postSolution
		SolutionGuid = {FE59D121-F1A5-46DB-B7DA-E3DFCA9B63B8}
	EndGlobalSection
EndGlobal
